
Microsoft Visual Studio Solution File, Format Version 12.00
# Visual Studio Version 17
VisualStudioVersion = 17.14.36717.8 d17.14
MinimumVisualStudioVersion = 10.0.40219.1
Project("{8BC9CEB8-8B4A-11D0-8D11-00A0C91BC942}") = "languages - Chinese (P.R.C.)", "zh_CN.vcxproj", "{BFCEE1BE-5DC9-4CDF-B55E-6DEDFC4FF782}"
EndProject
Global
	GlobalSection(SolutionConfigurationPlatforms) = preSolution
		Dynamic|x86 = Dynamic|x86
	EndGlobalSection
	GlobalSection(ProjectConfigurationPlatforms) = postSolution
		{BFCEE1BE-5DC9-4CDF-B55E-6DEDFC4FF782}.Dynamic|x86.ActiveCfg = Dynamic|Win32
		{BFCEE1BE-5DC9-4CDF-B55E-6DEDFC4FF782}.Dynamic|x86.Build.0 = Dynamic|Win32
	EndGlobalSection
	GlobalSection(SolutionProperties) = preSolution
		HideSolutionNode = FALSE
	EndGlobalSection
	GlobalSection(ExtensibilityGlobals) = postSolution
		SolutionGuid = {ACB33EDD-D7AE-4120-9F72-A1BF4B0D5674}
	EndGlobalSection
EndGlobal
